
Microsoft Visual Studio Solution File, Format Version 12.00
# Visual Studio Version 16
VisualStudioVersion = 16.0.30204.135
MinimumVisualStudioVersion = 10.0.40219.1
Project("{FAE04EC0-301F-11D3-BF4B-00C04F79EFBC}") = "TicketSystemNetFrameworkAPI", "TicketSystemNetFrameworkAPI\TicketSystemNetFrameworkAPI.csproj", "{39FACA69-BBD9-42A8-8EE2-BF217EE8FA3A}"
EndProject
Project("{FAE04EC0-301F-11D3-BF4B-00C04F79EFBC}") = "TicketSystemNetFrameworkAPI.Tests", "TicketSystemNetFrameworkAPI.Tests\TicketSystemNetFrameworkAPI.Tests.csproj", "{4C53CC8C-7010-4CC2-A46E-6AAA24DEA19E}"
EndProject
Project("{00D1A9C2-B5F0-4AF3-8072-F6C62B433612}") = "TSDatabase", "TSDatabase\TSDatabase.sqlproj", "{93B871AC-3AF2-4526-AF6A-45C6197819A6}"
EndProject
Project("{FAE04EC0-301F-11D3-BF4B-00C04F79EFBC}") = "TSDesktopUserInterface", "TSDesktopUserInterface\TSDesktopUserInterface.csproj", "{4BD690EE-67EF-48F1-915A-1BD8C639761C}"
EndProject
Project("{FAE04EC0-301F-11D3-BF4B-00C04F79EFBC}") = "TicketSystemNetFrameworkAPILibrary", "TicketSystemNetFrameworkAPILibrary\TicketSystemNetFrameworkAPILibrary.csproj", "{9CA4E279-9F8C-4EA7-BB75-C8FFDB0C340A}"
EndProject
Global
	GlobalSection(SolutionConfigurationPlatforms) = preSolution
		Debug|Any CPU = Debug|Any CPU
		Release|Any CPU = Release|Any CPU
	EndGlobalSection
	GlobalSection(ProjectConfigurationPlatforms) = postSolution
		{39FACA69-BBD9-42A8-8EE2-BF217EE8FA3A}.Debug|Any CPU.ActiveCfg = Debug|Any CPU
		{39FACA69-BBD9-42A8-8EE2-BF217EE8FA3A}.Debug|Any CPU.Build.0 = Debug|Any CPU
		{39FACA69-BBD9-42A8-8EE2-BF217EE8FA3A}.Release|Any CPU.ActiveCfg = Release|Any CPU
		{39FACA69-BBD9-42A8-8EE2-BF217EE8FA3A}.Release|Any CPU.Build.0 = Release|Any CPU
		{4C53CC8C-7010-4CC2-A46E-6AAA24DEA19E}.Debug|Any CPU.ActiveCfg = Debug|Any CPU
		{4C53CC8C-7010-4CC2-A46E-6AAA24DEA19E}.Debug|Any CPU.Build.0 = Debug|Any CPU
		{4C53CC8C-7010-4CC2-A46E-6AAA24DEA19E}.Release|Any CPU.ActiveCfg = Release|Any CPU
		{4C53CC8C-7010-4CC2-A46E-6AAA24DEA19E}.Release|Any CPU.Build.0 = Release|Any CPU
		{93B871AC-3AF2-4526-AF6A-45C6197819A6}.Debug|Any CPU.ActiveCfg = Debug|Any CPU
		{93B871AC-3AF2-4526-AF6A-45C6197819A6}.Debug|Any CPU.Build.0 = Debug|Any CPU
		{93B871AC-3AF2-4526-AF6A-45C6197819A6}.Debug|Any CPU.Deploy.0 = Debug|Any CPU
		{93B871AC-3AF2-4526-AF6A-45C6197819A6}.Release|Any CPU.ActiveCfg = Release|Any CPU
		{93B871AC-3AF2-4526-AF6A-45C6197819A6}.Release|Any CPU.Build.0 = Release|Any CPU
		{93B871AC-3AF2-4526-AF6A-45C6197819A6}.Release|Any CPU.Deploy.0 = Release|Any CPU
		{4BD690EE-67EF-48F1-915A-1BD8C639761C}.Debug|Any CPU.ActiveCfg = Debug|Any CPU
		{4BD690EE-67EF-48F1-915A-1BD8C639761C}.Debug|Any CPU.Build.0 = Debug|Any CPU
		{4BD690EE-67EF-48F1-915A-1BD8C639761C}.Release|Any CPU.ActiveCfg = Release|Any CPU
		{4BD690EE-67EF-48F1-915A-1BD8C639761C}.Release|Any CPU.Build.0 = Release|Any CPU
		{9CA4E279-9F8C-4EA7-BB75-C8FFDB0C340A}.Debug|Any CPU.ActiveCfg = Debug|Any CPU
		{9CA4E279-9F8C-4EA7-BB75-C8FFDB0C340A}.Debug|Any CPU.Build.0 = Debug|Any CPU
		{9CA4E279-9F8C-4EA7-BB75-C8FFDB0C340A}.Release|Any CPU.ActiveCfg = Release|Any CPU
		{9CA4E279-9F8C-4EA7-BB75-C8FFDB0C340A}.Release|Any CPU.Build.0 = Release|Any CPU
	EndGlobalSection
	GlobalSection(SolutionProperties) = preSolution
		HideSolutionNode = FALSE
	EndGlobalSection
	GlobalSection(ExtensibilityGlobals) = postSolution
		SolutionGuid = {005427B9-0D72-4C06-846E-92F9D1D37A92}
	EndGlobalSection
EndGlobal
